// !$*UTF8*$!
{
	archiveVersion = 1;
	classes = {
	};
	objectVersion = 56;
	objects = {

/* Begin PBXBuildFile section */
		BA1F2A4B2A12353A00457E44 /* AppDelegate.swift in Sources */ = {isa = PBXBuildFile; fileRef = BA1F2A4A2A12353A00457E44 /* AppDelegate.swift */; };
		BA1F2A4D2A12353A00457E44 /* SceneDelegate.swift in Sources */ = {isa = PBXBuildFile; fileRef = BA1F2A4C2A12353A00457E44 /* SceneDelegate.swift */; };
		BA1F2A4F2A12353A00457E44 /* UsersViewController.swift in Sources */ = {isa = PBXBuildFile; fileRef = BA1F2A4E2A12353A00457E44 /* UsersViewController.swift */; };
		BA1F2A522A12353A00457E44 /* Main.storyboard in Resources */ = {isa = PBXBuildFile; fileRef = BA1F2A502A12353A00457E44 /* Main.storyboard */; };
		BA1F2A542A12353C00457E44 /* Assets.xcassets in Resources */ = {isa = PBXBuildFile; fileRef = BA1F2A532A12353C00457E44 /* Assets.xcassets */; };
		BA1F2A572A12353C00457E44 /* LaunchScreen.storyboard in Resources */ = {isa = PBXBuildFile; fileRef = BA1F2A552A12353C00457E44 /* LaunchScreen.storyboard */; };
		BA1F2A632A12358500457E44 /* Presenter.swift in Sources */ = {isa = PBXBuildFile; fileRef = BA1F2A622A12358500457E44 /* Presenter.swift */; };
		BA1F2A652A1235B300457E44 /* User.swift in Sources */ = {isa = PBXBuildFile; fileRef = BA1F2A642A1235B300457E44 /* User.swift */; };
/* End PBXBuildFile section */

/* Begin PBXFileReference section */
		BA1F2A472A12353A00457E44 /* MVP DesignPatern.app */ = {isa = PBXFileReference; explicitFileType = wrapper.application; includeInIndex = 0; path = "MVP DesignPatern.app"; sourceTree = BUILT_PRODUCTS_DIR; };
		BA1F2A4A2A12353A00457E44 /* AppDelegate.swift */ = {isa = PBXFileReference; lastKnownFileType = sourcecode.swift; path = AppDelegate.swift; sourceTree = "<group>"; };
		BA1F2A4C2A12353A00457E44 /* SceneDelegate.swift */ = {isa = PBXFileReference; lastKnownFileType = sourcecode.swift; path = SceneDelegate.swift; sourceTree = "<group>"; };
		BA1F2A4E2A12353A00457E44 /* UsersViewController.swift */ = {isa = PBXFileReference; lastKnownFileType = sourcecode.swift; path = UsersViewController.swift; sourceTree = "<group>"; };
		BA1F2A512A12353A00457E44 /* Base */ = {isa = PBXFileReference; lastKnownFileType = file.storyboard; name = Base; path = Base.lproj/Main.storyboard; sourceTree = "<group>"; };
		BA1F2A532A12353C00457E44 /* Assets.xcassets */ = {isa = PBXFileReference; lastKnownFileType = folder.assetcatalog; path = Assets.xcassets; sourceTree = "<group>"; };
		BA1F2A562A12353C00457E44 /* Base */ = {isa = PBXFileReference; lastKnownFileType = file.storyboard; name = Base; path = Base.lproj/LaunchScreen.storyboard; sourceTree = "<group>"; };
		BA1F2A582A12353C00457E44 /* Info.plist */ = {isa = PBXFileReference; lastKnownFileType = text.plist.xml; path = Info.plist; sourceTree = "<group>"; };
		BA1F2A622A12358500457E44 /* Presenter.swift */ = {isa = PBXFileReference; lastKnownFileType = sourcecode.swift; path = Presenter.swift; sourceTree = "<group>"; };
		BA1F2A642A1235B300457E44 /* User.swift */ = {isa = PBXFileReference; lastKnownFileType = sourcecode.swift; path = User.swift; sourceTree = "<group>"; };
/* End PBXFileReference section */

/* Begin PBXFrameworksBuildPhase section */
		BA1F2A442A12353A00457E44 /* Frameworks */ = {
			isa = PBXFrameworksBuildPhase;
			buildActionMask = 2147483647;
			files = (
			);
			runOnlyForDeploymentPostprocessing = 0;
		};
/* End PBXFrameworksBuildPhase section */

/* Begin PBXGroup section */
		BA1F2A3E2A12353A00457E44 = {
			isa = PBXGroup;
			children = (
				BA1F2A492A12353A00457E44 /* MVP DesignPatern */,
				BA1F2A482A12353A00457E44 /* Products */,
			);
			sourceTree = "<group>";
		};
		BA1F2A482A12353A00457E44 /* Products */ = {
			isa = PBXGroup;
			children = (
				BA1F2A472A12353A00457E44 /* MVP DesignPatern.app */,
			);
			name = Products;
			sourceTree = "<group>";
		};
		BA1F2A492A12353A00457E44 /* MVP DesignPatern */ = {
			isa = PBXGroup;
			children = (
				BA1F2A5E2A12355400457E44 /* MVP */,
				BA1F2A4A2A12353A00457E44 /* AppDelegate.swift */,
				BA1F2A4C2A12353A00457E44 /* SceneDelegate.swift */,
				BA1F2A502A12353A00457E44 /* Main.storyboard */,
				BA1F2A532A12353C00457E44 /* Assets.xcassets */,
				BA1F2A552A12353C00457E44 /* LaunchScreen.storyboard */,
				BA1F2A582A12353C00457E44 /* Info.plist */,
			);
			path = "MVP DesignPatern";
			sourceTree = "<group>";
		};
		BA1F2A5E2A12355400457E44 /* MVP */ = {
			isa = PBXGroup;
			children = (
				BA1F2A612A12356800457E44 /* Presenter */,
				BA1F2A602A12356200457E44 /* View */,
				BA1F2A5F2A12355D00457E44 /* Model */,
			);
			path = MVP;
			sourceTree = "<group>";
		};
		BA1F2A5F2A12355D00457E44 /* Model */ = {
			isa = PBXGroup;
			children = (
				BA1F2A642A1235B300457E44 /* User.swift */,
			);
			path = Model;
			sourceTree = "<group>";
		};
		BA1F2A602A12356200457E44 /* View */ = {
			isa = PBXGroup;
			children = (
				BA1F2A4E2A12353A00457E44 /* UsersViewController.swift */,
			);
			path = View;
			sourceTree = "<group>";
		};
		BA1F2A612A12356800457E44 /* Presenter */ = {
			isa = PBXGroup;
			children = (
				BA1F2A622A12358500457E44 /* Presenter.swift */,
			);
			path = Presenter;
			sourceTree = "<group>";
		};
/* End PBXGroup section */

/* Begin PBXNativeTarget section */
		BA1F2A462A12353A00457E44 /* MVP DesignPatern */ = {
			isa = PBXNativeTarget;
			buildConfigurationList = BA1F2A5B2A12353C00457E44 /* Build configuration list for PBXNativeTarget "MVP DesignPatern" */;
			buildPhases = (
				BA1F2A432A12353A00457E44 /* Sources */,
				BA1F2A442A12353A00457E44 /* Frameworks */,
				BA1F2A452A12353A00457E44 /* Resources */,
			);
			buildRules = (
			);
			dependencies = (
			);
			name = "MVP DesignPatern";
			productName = "MVP DesignPatern";
			productReference = BA1F2A472A12353A00457E44 /* MVP DesignPatern.app */;
			productType = "com.apple.product-type.application";
		};
/* End PBXNativeTarget section */

/* Begin PBXProject section */
		BA1F2A3F2A12353A00457E44 /* Project object */ = {
			isa = PBXProject;
			attributes = {
				BuildIndependentTargetsInParallel = 1;
				LastSwiftUpdateCheck = 1430;
				LastUpgradeCheck = 1430;
				TargetAttributes = {
					BA1F2A462A12353A00457E44 = {
						CreatedOnToolsVersion = 14.3;
					};
				};
			};
			buildConfigurationList = BA1F2A422A12353A00457E44 /* Build configuration list for PBXProject "MVP DesignPatern" */;
			compatibilityVersion = "Xcode 14.0";
			developmentRegion = en;
			hasScannedForEncodings = 0;
			knownRegions = (
				en,
				Base,
			);
			mainGroup = BA1F2A3E2A12353A00457E44;
			productRefGroup = BA1F2A482A12353A00457E44 /* Products */;
			projectDirPath = "";
			projectRoot = "";
			targets = (
				BA1F2A462A12353A00457E44 /* MVP DesignPatern */,
			);
		};
/* End PBXProject section */

/* Begin PBXResourcesBuildPhase section */
		BA1F2A452A12353A00457E44 /* Resources */ = {
			isa = PBXResourcesBuildPhase;
			buildActionMask = 2147483647;
			files = (
				BA1F2A572A12353C00457E44 /* LaunchScreen.storyboard in Resources */,
				BA1F2A542A12353C00457E44 /* Assets.xcassets in Resources */,
				BA1F2A522A12353A00457E44 /* Main.storyboard in Resources */,
			);
			runOnlyForDeploymentPostprocessing = 0;
		};
/* End PBXResourcesBuildPhase section */

/* Begin PBXSourcesBuildPhase section */
		BA1F2A432A12353A00457E44 /* Sources */ = {
			isa = PBXSourcesBuildPhase;
			buildActionMask = 2147483647;
			files = (
				BA1F2A4F2A12353A00457E44 /* UsersViewController.swift in Sources */,
				BA1F2A4B2A12353A00457E44 /* AppDelegate.swift in Sources */,
				BA1F2A632A12358500457E44 /* Presenter.swift in Sources */,
				BA1F2A652A1235B300457E44 /* User.swift in Sources */,
				BA1F2A4D2A12353A00457E44 /* SceneDelegate.swift in Sources */,
			);
			runOnlyForDeploymentPostprocessing = 0;
		};
/* End PBXSourcesBuildPhase section */

/* Begin PBXVariantGroup section */
		BA1F2A502A12353A00457E44 /* Main.storyboard */ = {
			isa = PBXVariantGroup;
			children = (
				BA1F2A512A12353A00457E44 /* Base */,
			);
			name = Main.storyboard;
			sourceTree = "<group>";
		};
		BA1F2A552A12353C00457E44 /* LaunchScreen.storyboard */ = {
			isa = PBXVariantGroup;
			children = (
				BA1F2A562A12353C00457E44 /* Base */,
			);
			name = LaunchScreen.storyboard;
			sourceTree = "<group>";
		};
/* End PBXVariantGroup section */

/* Begin XCBuildConfiguration section */
		BA1F2A592A12353C00457E44 /* Debug */ = {
			isa = XCBuildConfiguration;
			buildSettings = {
				ALWAYS_SEARCH_USER_PATHS = NO;
				CLANG_ANALYZER_NONNULL = YES;
				CLANG_ANALYZER_NUMBER_OBJECT_CONVERSION = YES_AGGRESSIVE;
				CLANG_CXX_LANGUAGE_STANDARD = "gnu++20";
				CLANG_ENABLE_MODULES = YES;
				CLANG_ENABLE_OBJC_ARC = YES;
				CLANG_ENABLE_OBJC_WEAK = YES;
				CLANG_WARN_BLOCK_CAPTURE_AUTORELEASING = YES;
				CLANG_WARN_BOOL_CONVERSION = YES;
				CLANG_WARN_COMMA = YES;
				CLANG_WARN_CONSTANT_CONVERSION = YES;
				CLANG_WARN_DEPRECATED_OBJC_IMPLEMENTATIONS = YES;
				CLANG_WARN_DIRECT_OBJC_ISA_USAGE = YES_ERROR;
				CLANG_WARN_DOCUMENTATION_COMMENTS = YES;
				CLANG_WARN_EMPTY_BODY = YES;
				CLANG_WARN_ENUM_CONVERSION = YES;
				CLANG_WARN_INFINITE_RECURSION = YES;
				CLANG_WARN_INT_CONVERSION = YES;
				CLANG_WARN_NON_LITERAL_NULL_CONVERSION = YES;
				CLANG_WARN_OBJC_IMPLICIT_RETAIN_SELF = YES;
				CLANG_WARN_OBJC_LITERAL_CONVERSION = YES;
				CLANG_WARN_OBJC_ROOT_CLASS = YES_ERROR;
				CLANG_WARN_QUOTED_INCLUDE_IN_FRAMEWORK_HEADER = YES;
				CLANG_WARN_RANGE_LOOP_ANALYSIS = YES;
				CLANG_WARN_STRICT_PROTOTYPES = YES;
				CLANG_WARN_SUSPICIOUS_MOVE = YES;
				CLANG_WARN_UNGUARDED_AVAILABILITY = YES_AGGRESSIVE;
				CLANG_WARN_UNREACHABLE_CODE = YES;
				CLANG_WARN__DUPLICATE_METHOD_MATCH = YES;
				COPY_PHASE_STRIP = NO;
				DEBUG_INFORMATION_FORMAT = dwarf;
				ENABLE_STRICT_OBJC_MSGSEND = YES;
				ENABLE_TESTABILITY = YES;
				GCC_C_LANGUAGE_STANDARD = gnu11;
				GCC_DYNAMIC_NO_PIC = NO;
				GCC_NO_COMMON_BLOCKS = YES;
				GCC_OPTIMIZATION_LEVEL = 0;
				GCC_PREPROCESSOR_DEFINITIONS = (
					"DEBUG=1",
					"$(inherited)",
				);
				GCC_WARN_64_TO_32_BIT_CONVERSION = YES;
				GCC_WARN_ABOUT_RETURN_TYPE = YES_ERROR;
				GCC_WARN_UNDECLARED_SELECTOR = YES;
				GCC_WARN_UNINITIALIZED_AUTOS = YES_AGGRESSIVE;
				GCC_WARN_UNUSED_FUNCTION = YES;
				GCC_WARN_UNUSED_VARIABLE = YES;
				IPHONEOS_DEPLOYMENT_TARGET = 16.4;
				MTL_ENABLE_DEBUG_INFO = INCLUDE_SOURCE;
				MTL_FAST_MATH = YES;
				ONLY_ACTIVE_ARCH = YES;
				SDKROOT = iphoneos;
				SWIFT_ACTIVE_COMPILATION_CONDITIONS = DEBUG;
				SWIFT_OPTIMIZATION_LEVEL = "-Onone";
			};
			name = Debug;
		};
		BA1F2A5A2A12353C00457E44 /* Release */ = {
			isa = XCBuildConfiguration;
			buildSettings = {
				ALWAYS_SEARCH_USER_PATHS = NO;
				CLANG_ANALYZER_NONNULL = YES;
				CLANG_ANALYZER_NUMBER_OBJECT_CONVERSION = YES_AGGRESSIVE;
				CLANG_CXX_LANGUAGE_STANDARD = "gnu++20";
				CLANG_ENABLE_MODULES = YES;
				CLANG_ENABLE_OBJC_ARC = YES;
				CLANG_ENABLE_OBJC_WEAK = YES;
				CLANG_WARN_BLOCK_CAPTURE_AUTORELEASING = YES;
				CLANG_WARN_BOOL_CONVERSION = YES;
				CLANG_WARN_COMMA = YES;
				CLANG_WARN_CONSTANT_CONVERSION = YES;
				CLANG_WARN_DEPRECATED_OBJC_IMPLEMENTATIONS = YES;
				CLANG_WARN_DIRECT_OBJC_ISA_USAGE = YES_ERROR;
				CLANG_WARN_DOCUMENTATION_COMMENTS = YES;
				CLANG_WARN_EMPTY_BODY = YES;
				CLANG_WARN_ENUM_CONVERSION = YES;
				CLANG_WARN_INFINITE_RECURSION = YES;
				CLANG_WARN_INT_CONVERSION = YES;
				CLANG_WARN_NON_LITERAL_NULL_CONVERSION = YES;
				CLANG_WARN_OBJC_IMPLICIT_RETAIN_SELF = YES;
				CLANG_WARN_OBJC_LITERAL_CONVERSION = YES;
				CLANG_WARN_OBJC_ROOT_CLASS = YES_ERROR;
				CLANG_WARN_QUOTED_INCLUDE_IN_FRAMEWORK_HEADER = YES;
				CLANG_WARN_RANGE_LOOP_ANALYSIS = YES;
				CLANG_WARN_STRICT_PROTOTYPES = YES;
				CLANG_WARN_SUSPICIOUS_MOVE = YES;
				CLANG_WARN_UNGUARDED_AVAILABILITY = YES_AGGRESSIVE;
				CLANG_WARN_UNREACHABLE_CODE = YES;
				CLANG_WARN__DUPLICATE_METHOD_MATCH = YES;
				COPY_PHASE_STRIP = NO;
				DEBUG_INFORMATION_FORMAT = "dwarf-with-dsym";
				ENABLE_NS_ASSERTIONS = NO;
				ENABLE_STRICT_OBJC_MSGSEND = YES;
				GCC_C_LANGUAGE_STANDARD = gnu11;
				GCC_NO_COMMON_BLOCKS = YES;
				GCC_WARN_64_TO_32_BIT_CONVERSION = YES;
				GCC_WARN_ABOUT_RETURN_TYPE = YES_ERROR;
				GCC_WARN_UNDECLARED_SELECTOR = YES;
				GCC_WARN_UNINITIALIZED_AUTOS = YES_AGGRESSIVE;
				GCC_WARN_UNUSED_FUNCTION = YES;
				GCC_WARN_UNUSED_VARIABLE = YES;
				IPHONEOS_DEPLOYMENT_TARGET = 16.4;
				MTL_ENABLE_DEBUG_INFO = NO;
				MTL_FAST_MATH = YES;
				SDKROOT = iphoneos;
				SWIFT_COMPILATION_MODE = wholemodule;
				SWIFT_OPTIMIZATION_LEVEL = "-O";
				VALIDATE_PRODUCT = YES;
			};
			name = Release;
		};
		BA1F2A5C2A12353C00457E44 /* Debug */ = {
			isa = XCBuildConfiguration;
			buildSettings = {
				ASSETCATALOG_COMPILER_APPICON_NAME = AppIcon;
				ASSETCATALOG_COMPILER_GLOBAL_ACCENT_COLOR_NAME = AccentColor;
				CODE_SIGN_STYLE = Automatic;
				CURRENT_PROJECT_VERSION = 1;
				GENERATE_INFOPLIST_FILE = YES;
				INFOPLIST_FILE = "MVP DesignPatern/Info.plist";
				INFOPLIST_KEY_UIApplicationSupportsIndirectInputEvents = YES;
				INFOPLIST_KEY_UILaunchStoryboardName = LaunchScreen;
				INFOPLIST_KEY_UIMainStoryboardFile = Main;
				INFOPLIST_KEY_UISupportedInterfaceOrientations_iPad = "UIInterfaceOrientationPortrait UIInterfaceOrientationPortraitUpsideDown UIInterfaceOrientationLandscapeLeft UIInterfaceOrientationLandscapeRight";
				INFOPLIST_KEY_UISupportedInterfaceOrientations_iPhone = "UIInterfaceOrientationPortrait UIInterfaceOrientationLandscapeLeft UIInterfaceOrientationLandscapeRight";
				LD_RUNPATH_SEARCH_PATHS = (
					"$(inherited)",
					"@executable_path/Frameworks",
				);
				MARKETING_VERSION = 1.0;
				PRODUCT_BUNDLE_IDENTIFIER = "com.nazar.MVP-DesignPatern";
				PRODUCT_NAME = "$(TARGET_NAME)";
				SWIFT_EMIT_LOC_STRINGS = YES;
				SWIFT_VERSION = 5.0;
				TARGETED_DEVICE_FAMILY = "1,2";
			};
			name = Debug;
		};
		BA1F2A5D2A12353C00457E44 /* Release */ = {
			isa = XCBuildConfiguration;
			buildSettings = {
				ASSETCATALOG_COMPILER_APPICON_NAME = AppIcon;
				ASSETCATALOG_COMPILER_GLOBAL_ACCENT_COLOR_NAME = AccentColor;
				CODE_SIGN_STYLE = Automatic;
				CURRENT_PROJECT_VERSION = 1;
				GENERATE_INFOPLIST_FILE = YES;
				INFOPLIST_FILE = "MVP DesignPatern/Info.plist";
				INFOPLIST_KEY_UIApplicationSupportsIndirectInputEvents = YES;
				INFOPLIST_KEY_UILaunchStoryboardName = LaunchScreen;
				INFOPLIST_KEY_UIMainStoryboardFile = Main;
				INFOPLIST_KEY_UISupportedInterfaceOrientations_iPad = "UIInterfaceOrientationPortrait UIInterfaceOrientationPortraitUpsideDown UIInterfaceOrientationLandscapeLeft UIInterfaceOrientationLandscapeRight";
				INFOPLIST_KEY_UISupportedInterfaceOrientations_iPhone = "UIInterfaceOrientationPortrait UIInterfaceOrientationLandscapeLeft UIInterfaceOrientationLandscapeRight";
				LD_RUNPATH_SEARCH_PATHS = (
					"$(inherited)",
					"@executable_path/Frameworks",
				);
				MARKETING_VERSION = 1.0;
				PRODUCT_BUNDLE_IDENTIFIER = "com.nazar.MVP-DesignPatern";
				PRODUCT_NAME = "$(TARGET_NAME)";
				SWIFT_EMIT_LOC_STRINGS = YES;
				SWIFT_VERSION = 5.0;
				TARGETED_DEVICE_FAMILY = "1,2";
			};
			name = Release;
		};
/* End XCBuildConfiguration section */

/* Begin XCConfigurationList section */
		BA1F2A422A12353A00457E44 /* Build configuration list for PBXProject "MVP DesignPatern" */ = {
			isa = XCConfigurationList;
			buildConfigurations = (
				BA1F2A592A12353C00457E44 /* Debug */,
				BA1F2A5A2A12353C00457E44 /* Release */,
			);
			defaultConfigurationIsVisible = 0;
			defaultConfigurationName = Release;
		};
		BA1F2A5B2A12353C00457E44 /* Build configuration list for PBXNativeTarget "MVP DesignPatern" */ = {
			isa = XCConfigurationList;
			buildConfigurations = (
				BA1F2A5C2A12353C00457E44 /* Debug */,
				BA1F2A5D2A12353C00457E44 /* Release */,
			);
			defaultConfigurationIsVisible = 0;
			defaultConfigurationName = Release;
		};
/* End XCConfigurationList section */
	};
	rootObject = BA1F2A3F2A12353A00457E44 /* Project object */;
}
